// !$*UTF8*$!
{
	archiveVersion = 1;
	classes = {
	};
	objectVersion = 50;
	objects = {

/* Begin PBXBuildFile section */
		3650A653259EA73600ECFF44 /* AppDelegate.swift in Sources */ = {isa = PBXBuildFile; fileRef = 3650A652259EA73600ECFF44 /* AppDelegate.swift */; };
		3650A655259EA73600ECFF44 /* SceneDelegate.swift in Sources */ = {isa = PBXBuildFile; fileRef = 3650A654259EA73600ECFF44 /* SceneDelegate.swift */; };
		3650A657259EA73600ECFF44 /* ViewController.swift in Sources */ = {isa = PBXBuildFile; fileRef = 3650A656259EA73600ECFF44 /* ViewController.swift */; };
		3650A65A259EA73600ECFF44 /* Main.storyboard in Resources */ = {isa = PBXBuildFile; fileRef = 3650A658259EA73600ECFF44 /* Main.storyboard */; };
		3650A65C259EA73900ECFF44 /* Assets.xcassets in Resources */ = {isa = PBXBuildFile; fileRef = 3650A65B259EA73900ECFF44 /* Assets.xcassets */; };
		3650A65F259EA73900ECFF44 /* LaunchScreen.storyboard in Resources */ = {isa = PBXBuildFile; fileRef = 3650A65D259EA73900ECFF44 /* LaunchScreen.storyboard */; };
		3650A66A259EA73A00ECFF44 /* MemeMakerTests.swift in Sources */ = {isa = PBXBuildFile; fileRef = 3650A669259EA73A00ECFF44 /* MemeMakerTests.swift */; };
		3650A675259EA73A00ECFF44 /* MemeMakerUITests.swift in Sources */ = {isa = PBXBuildFile; fileRef = 3650A674259EA73A00ECFF44 /* MemeMakerUITests.swift */; };
		3650A686259EB35600ECFF44 /* CaptionChoice .swift in Sources */ = {isa = PBXBuildFile; fileRef = 3650A685259EB35600ECFF44 /* CaptionChoice .swift */; };
/* End PBXBuildFile section */

/* Begin PBXContainerItemProxy section */
		3650A666259EA73A00ECFF44 /* PBXContainerItemProxy */ = {
			isa = PBXContainerItemProxy;
			containerPortal = 3650A647259EA73600ECFF44 /* Project object */;
			proxyType = 1;
			remoteGlobalIDString = 3650A64E259EA73600ECFF44;
			remoteInfo = MemeMaker;
		};
		3650A671259EA73A00ECFF44 /* PBXContainerItemProxy */ = {
			isa = PBXContainerItemProxy;
			containerPortal = 3650A647259EA73600ECFF44 /* Project object */;
			proxyType = 1;
			remoteGlobalIDString = 3650A64E259EA73600ECFF44;
			remoteInfo = MemeMaker;
		};
/* End PBXContainerItemProxy section */

/* Begin PBXFileReference section */
		3650A64F259EA73600ECFF44 /* MemeMaker.app */ = {isa = PBXFileReference; explicitFileType = wrapper.application; includeInIndex = 0; path = MemeMaker.app; sourceTree = BUILT_PRODUCTS_DIR; };
		3650A652259EA73600ECFF44 /* AppDelegate.swift */ = {isa = PBXFileReference; lastKnownFileType = sourcecode.swift; path = AppDelegate.swift; sourceTree = "<group>"; };
		3650A654259EA73600ECFF44 /* SceneDelegate.swift */ = {isa = PBXFileReference; lastKnownFileType = sourcecode.swift; path = SceneDelegate.swift; sourceTree = "<group>"; };
		3650A656259EA73600ECFF44 /* ViewController.swift */ = {isa = PBXFileReference; lastKnownFileType = sourcecode.swift; path = ViewController.swift; sourceTree = "<group>"; };
		3650A659259EA73600ECFF44 /* Base */ = {isa = PBXFileReference; lastKnownFileType = file.storyboard; name = Base; path = Base.lproj/Main.storyboard; sourceTree = "<group>"; };
		3650A65B259EA73900ECFF44 /* Assets.xcassets */ = {isa = PBXFileReference; lastKnownFileType = folder.assetcatalog; path = Assets.xcassets; sourceTree = "<group>"; };
		3650A65E259EA73900ECFF44 /* Base */ = {isa = PBXFileReference; lastKnownFileType = file.storyboard; name = Base; path = Base.lproj/LaunchScreen.storyboard; sourceTree = "<group>"; };
		3650A660259EA73900ECFF44 /* Info.plist */ = {isa = PBXFileReference; lastKnownFileType = text.plist.xml; path = Info.plist; sourceTree = "<group>"; };
		3650A665259EA73A00ECFF44 /* MemeMakerTests.xctest */ = {isa = PBXFileReference; explicitFileType = wrapper.cfbundle; includeInIndex = 0; path = MemeMakerTests.xctest; sourceTree = BUILT_PRODUCTS_DIR; };
		3650A669259EA73A00ECFF44 /* MemeMakerTests.swift */ = {isa = PBXFileReference; lastKnownFileType = sourcecode.swift; path = MemeMakerTests.swift; sourceTree = "<group>"; };
		3650A66B259EA73A00ECFF44 /* Info.plist */ = {isa = PBXFileReference; lastKnownFileType = text.plist.xml; path = Info.plist; sourceTree = "<group>"; };
		3650A670259EA73A00ECFF44 /* MemeMakerUITests.xctest */ = {isa = PBXFileReference; explicitFileType = wrapper.cfbundle; includeInIndex = 0; path = MemeMakerUITests.xctest; sourceTree = BUILT_PRODUCTS_DIR; };
		3650A674259EA73A00ECFF44 /* MemeMakerUITests.swift */ = {isa = PBXFileReference; lastKnownFileType = sourcecode.swift; path = MemeMakerUITests.swift; sourceTree = "<group>"; };
		3650A676259EA73A00ECFF44 /* Info.plist */ = {isa = PBXFileReference; lastKnownFileType = text.plist.xml; path = Info.plist; sourceTree = "<group>"; };
		3650A685259EB35600ECFF44 /* CaptionChoice .swift */ = {isa = PBXFileReference; lastKnownFileType = sourcecode.swift; path = "CaptionChoice .swift"; sourceTree = "<group>"; };
/* End PBXFileReference section */

/* Begin PBXFrameworksBuildPhase section */
		3650A64C259EA73600ECFF44 /* Frameworks */ = {
			isa = PBXFrameworksBuildPhase;
			buildActionMask = 2147483647;
			files = (
			);
			runOnlyForDeploymentPostprocessing = 0;
		};
		3650A662259EA73A00ECFF44 /* Frameworks */ = {
			isa = PBXFrameworksBuildPhase;
			buildActionMask = 2147483647;
			files = (
			);
			runOnlyForDeploymentPostprocessing = 0;
		};
		3650A66D259EA73A00ECFF44 /* Frameworks */ = {
			isa = PBXFrameworksBuildPhase;
			buildActionMask = 2147483647;
			files = (
			);
			runOnlyForDeploymentPostprocessing = 0;
		};
/* End PBXFrameworksBuildPhase section */

/* Begin PBXGroup section */
		3650A646259EA73600ECFF44 = {
			isa = PBXGroup;
			children = (
				3650A651259EA73600ECFF44 /* MemeMaker */,
				3650A668259EA73A00ECFF44 /* MemeMakerTests */,
				3650A673259EA73A00ECFF44 /* MemeMakerUITests */,
				3650A650259EA73600ECFF44 /* Products */,
			);
			sourceTree = "<group>";
		};
		3650A650259EA73600ECFF44 /* Products */ = {
			isa = PBXGroup;
			children = (
				3650A64F259EA73600ECFF44 /* MemeMaker.app */,
				3650A665259EA73A00ECFF44 /* MemeMakerTests.xctest */,
				3650A670259EA73A00ECFF44 /* MemeMakerUITests.xctest */,
			);
			name = Products;
			sourceTree = "<group>";
		};
		3650A651259EA73600ECFF44 /* MemeMaker */ = {
			isa = PBXGroup;
			children = (
				3650A652259EA73600ECFF44 /* AppDelegate.swift */,
				3650A654259EA73600ECFF44 /* SceneDelegate.swift */,
				3650A656259EA73600ECFF44 /* ViewController.swift */,
				3650A658259EA73600ECFF44 /* Main.storyboard */,
				3650A685259EB35600ECFF44 /* CaptionChoice .swift */,
				3650A65B259EA73900ECFF44 /* Assets.xcassets */,
				3650A65D259EA73900ECFF44 /* LaunchScreen.storyboard */,
				3650A660259EA73900ECFF44 /* Info.plist */,
			);
			path = MemeMaker;
			sourceTree = "<group>";
		};
		3650A668259EA73A00ECFF44 /* MemeMakerTests */ = {
			isa = PBXGroup;
			children = (
				3650A669259EA73A00ECFF44 /* MemeMakerTests.swift */,
				3650A66B259EA73A00ECFF44 /* Info.plist */,
			);
			path = MemeMakerTests;
			sourceTree = "<group>";
		};
		3650A673259EA73A00ECFF44 /* MemeMakerUITests */ = {
			isa = PBXGroup;
			children = (
				3650A674259EA73A00ECFF44 /* MemeMakerUITests.swift */,
				3650A676259EA73A00ECFF44 /* Info.plist */,
			);
			path = MemeMakerUITests;
			sourceTree = "<group>";
		};
/* End PBXGroup section */

/* Begin PBXNativeTarget section */
		3650A64E259EA73600ECFF44 /* MemeMaker */ = {
			isa = PBXNativeTarget;
			buildConfigurationList = 3650A679259EA73A00ECFF44 /* Build configuration list for PBXNativeTarget "MemeMaker" */;
			buildPhases = (
				3650A64B259EA73600ECFF44 /* Sources */,
				3650A64C259EA73600ECFF44 /* Frameworks */,
				3650A64D259EA73600ECFF44 /* Resources */,
			);
			buildRules = (
			);
			dependencies = (
			);
			name = MemeMaker;
			productName = MemeMaker;
			productReference = 3650A64F259EA73600ECFF44 /* MemeMaker.app */;
			productType = "com.apple.product-type.application";
		};
		3650A664259EA73A00ECFF44 /* MemeMakerTests */ = {
			isa = PBXNativeTarget;
			buildConfigurationList = 3650A67C259EA73A00ECFF44 /* Build configuration list for PBXNativeTarget "MemeMakerTests" */;
			buildPhases = (
				3650A661259EA73A00ECFF44 /* Sources */,
				3650A662259EA73A00ECFF44 /* Frameworks */,
				3650A663259EA73A00ECFF44 /* Resources */,
			);
			buildRules = (
			);
			dependencies = (
				3650A667259EA73A00ECFF44 /* PBXTargetDependency */,
			);
			name = MemeMakerTests;
			productName = MemeMakerTests;
			productReference = 3650A665259EA73A00ECFF44 /* MemeMakerTests.xctest */;
			productType = "com.apple.product-type.bundle.unit-test";
		};
		3650A66F259EA73A00ECFF44 /* MemeMakerUITests */ = {
			isa = PBXNativeTarget;
			buildConfigurationList = 3650A67F259EA73A00ECFF44 /* Build configuration list for PBXNativeTarget "MemeMakerUITests" */;
			buildPhases = (
				3650A66C259EA73A00ECFF44 /* Sources */,
				3650A66D259EA73A00ECFF44 /* Frameworks */,
				3650A66E259EA73A00ECFF44 /* Resources */,
			);
			buildRules = (
			);
			dependencies = (
				3650A672259EA73A00ECFF44 /* PBXTargetDependency */,
			);
			name = MemeMakerUITests;
			productName = MemeMakerUITests;
			productReference = 3650A670259EA73A00ECFF44 /* MemeMakerUITests.xctest */;
			productType = "com.apple.product-type.bundle.ui-testing";
		};
/* End PBXNativeTarget section */

/* Begin PBXProject section */
		3650A647259EA73600ECFF44 /* Project object */ = {
			isa = PBXProject;
			attributes = {
				LastSwiftUpdateCheck = 1230;
				LastUpgradeCheck = 1230;
				TargetAttributes = {
					3650A64E259EA73600ECFF44 = {
						CreatedOnToolsVersion = 12.3;
					};
					3650A664259EA73A00ECFF44 = {
						CreatedOnToolsVersion = 12.3;
						TestTargetID = 3650A64E259EA73600ECFF44;
					};
					3650A66F259EA73A00ECFF44 = {
						CreatedOnToolsVersion = 12.3;
						TestTargetID = 3650A64E259EA73600ECFF44;
					};
				};
			};
			buildConfigurationList = 3650A64A259EA73600ECFF44 /* Build configuration list for PBXProject "MemeMaker" */;
			compatibilityVersion = "Xcode 9.3";
			developmentRegion = en;
			hasScannedForEncodings = 0;
			knownRegions = (
				en,
				Base,
			);
			mainGroup = 3650A646259EA73600ECFF44;
			productRefGroup = 3650A650259EA73600ECFF44 /* Products */;
			projectDirPath = "";
			projectRoot = "";
			targets = (
				3650A64E259EA73600ECFF44 /* MemeMaker */,
				3650A664259EA73A00ECFF44 /* MemeMakerTests */,
				3650A66F259EA73A00ECFF44 /* MemeMakerUITests */,
			);
		};
/* End PBXProject section */

/* Begin PBXResourcesBuildPhase section */
		3650A64D259EA73600ECFF44 /* Resources */ = {
			isa = PBXResourcesBuildPhase;
			buildActionMask = 2147483647;
			files = (
				3650A65F259EA73900ECFF44 /* LaunchScreen.storyboard in Resources */,
				3650A65C259EA73900ECFF44 /* Assets.xcassets in Resources */,
				3650A65A259EA73600ECFF44 /* Main.storyboard in Resources */,
			);
			runOnlyForDeploymentPostprocessing = 0;
		};
		3650A663259EA73A00ECFF44 /* Resources */ = {
			isa = PBXResourcesBuildPhase;
			buildActionMask = 2147483647;
			files = (
			);
			runOnlyForDeploymentPostprocessing = 0;
		};
		3650A66E259EA73A00ECFF44 /* Resources */ = {
			isa = PBXResourcesBuildPhase;
			buildActionMask = 2147483647;
			files = (
			);
			runOnlyForDeploymentPostprocessing = 0;
		};
/* End PBXResourcesBuildPhase section */

/* Begin PBXSourcesBuildPhase section */
		3650A64B259EA73600ECFF44 /* Sources */ = {
			isa = PBXSourcesBuildPhase;
			buildActionMask = 2147483647;
			files = (
				3650A686259EB35600ECFF44 /* CaptionChoice .swift in Sources */,
				3650A657259EA73600ECFF44 /* ViewController.swift in Sources */,
				3650A653259EA73600ECFF44 /* AppDelegate.swift in Sources */,
				3650A655259EA73600ECFF44 /* SceneDelegate.swift in Sources */,
			);
			runOnlyForDeploymentPostprocessing = 0;
		};
		3650A661259EA73A00ECFF44 /* Sources */ = {
			isa = PBXSourcesBuildPhase;
			buildActionMask = 2147483647;
			files = (
				3650A66A259EA73A00ECFF44 /* MemeMakerTests.swift in Sources */,
			);
			runOnlyForDeploymentPostprocessing = 0;
		};
		3650A66C259EA73A00ECFF44 /* Sources */ = {
			isa = PBXSourcesBuildPhase;
			buildActionMask = 2147483647;
			files = (
				3650A675259EA73A00ECFF44 /* MemeMakerUITests.swift in Sources */,
			);
			runOnlyForDeploymentPostprocessing = 0;
		};
/* End PBXSourcesBuildPhase section */

/* Begin PBXTargetDependency section */
		3650A667259EA73A00ECFF44 /* PBXTargetDependency */ = {
			isa = PBXTargetDependency;
			target = 3650A64E259EA73600ECFF44 /* MemeMaker */;
			targetProxy = 3650A666259EA73A00ECFF44 /* PBXContainerItemProxy */;
		};
		3650A672259EA73A00ECFF44 /* PBXTargetDependency */ = {
			isa = PBXTargetDependency;
			target = 3650A64E259EA73600ECFF44 /* MemeMaker */;
			targetProxy = 3650A671259EA73A00ECFF44 /* PBXContainerItemProxy */;
		};
/* End PBXTargetDependency section */

/* Begin PBXVariantGroup section */
		3650A658259EA73600ECFF44 /* Main.storyboard */ = {
			isa = PBXVariantGroup;
			children = (
				3650A659259EA73600ECFF44 /* Base */,
			);
			name = Main.storyboard;
			sourceTree = "<group>";
		};
		3650A65D259EA73900ECFF44 /* LaunchScreen.storyboard */ = {
			isa = PBXVariantGroup;
			children = (
				3650A65E259EA73900ECFF44 /* Base */,
			);
			name = LaunchScreen.storyboard;
			sourceTree = "<group>";
		};
/* End PBXVariantGroup section */

/* Begin XCBuildConfiguration section */
		3650A677259EA73A00ECFF44 /* Debug */ = {
			isa = XCBuildConfiguration;
			buildSettings = {
				ALWAYS_SEARCH_USER_PATHS = NO;
				CLANG_ANALYZER_NONNULL = YES;
				CLANG_ANALYZER_NUMBER_OBJECT_CONVERSION = YES_AGGRESSIVE;
				CLANG_CXX_LANGUAGE_STANDARD = "gnu++14";
				CLANG_CXX_LIBRARY = "libc++";
				CLANG_ENABLE_MODULES = YES;
				CLANG_ENABLE_OBJC_ARC = YES;
				CLANG_ENABLE_OBJC_WEAK = YES;
				CLANG_WARN_BLOCK_CAPTURE_AUTORELEASING = YES;
				CLANG_WARN_BOOL_CONVERSION = YES;
				CLANG_WARN_COMMA = YES;
				CLANG_WARN_CONSTANT_CONVERSION = YES;
				CLANG_WARN_DEPRECATED_OBJC_IMPLEMENTATIONS = YES;
				CLANG_WARN_DIRECT_OBJC_ISA_USAGE = YES_ERROR;
				CLANG_WARN_DOCUMENTATION_COMMENTS = YES;
				CLANG_WARN_EMPTY_BODY = YES;
				CLANG_WARN_ENUM_CONVERSION = YES;
				CLANG_WARN_INFINITE_RECURSION = YES;
				CLANG_WARN_INT_CONVERSION = YES;
				CLANG_WARN_NON_LITERAL_NULL_CONVERSION = YES;
				CLANG_WARN_OBJC_IMPLICIT_RETAIN_SELF = YES;
				CLANG_WARN_OBJC_LITERAL_CONVERSION = YES;
				CLANG_WARN_OBJC_ROOT_CLASS = YES_ERROR;
				CLANG_WARN_QUOTED_INCLUDE_IN_FRAMEWORK_HEADER = YES;
				CLANG_WARN_RANGE_LOOP_ANALYSIS = YES;
				CLANG_WARN_STRICT_PROTOTYPES = YES;
				CLANG_WARN_SUSPICIOUS_MOVE = YES;
				CLANG_WARN_UNGUARDED_AVAILABILITY = YES_AGGRESSIVE;
				CLANG_WARN_UNREACHABLE_CODE = YES;
				CLANG_WARN__DUPLICATE_METHOD_MATCH = YES;
				COPY_PHASE_STRIP = NO;
				DEBUG_INFORMATION_FORMAT = dwarf;
				ENABLE_STRICT_OBJC_MSGSEND = YES;
				ENABLE_TESTABILITY = YES;
				GCC_C_LANGUAGE_STANDARD = gnu11;
				GCC_DYNAMIC_NO_PIC = NO;
				GCC_NO_COMMON_BLOCKS = YES;
				GCC_OPTIMIZATION_LEVEL = 0;
				GCC_PREPROCESSOR_DEFINITIONS = (
					"DEBUG=1",
					"$(inherited)",
				);
				GCC_WARN_64_TO_32_BIT_CONVERSION = YES;
				GCC_WARN_ABOUT_RETURN_TYPE = YES_ERROR;
				GCC_WARN_UNDECLARED_SELECTOR = YES;
				GCC_WARN_UNINITIALIZED_AUTOS = YES_AGGRESSIVE;
				GCC_WARN_UNUSED_FUNCTION = YES;
				GCC_WARN_UNUSED_VARIABLE = YES;
				IPHONEOS_DEPLOYMENT_TARGET = 14.3;
				MTL_ENABLE_DEBUG_INFO = INCLUDE_SOURCE;
				MTL_FAST_MATH = YES;
				ONLY_ACTIVE_ARCH = YES;
				SDKROOT = iphoneos;
				SWIFT_ACTIVE_COMPILATION_CONDITIONS = DEBUG;
				SWIFT_OPTIMIZATION_LEVEL = "-Onone";
			};
			name = Debug;
		};
		3650A678259EA73A00ECFF44 /* Release */ = {
			isa = XCBuildConfiguration;
			buildSettings = {
				ALWAYS_SEARCH_USER_PATHS = NO;
				CLANG_ANALYZER_NONNULL = YES;
				CLANG_ANALYZER_NUMBER_OBJECT_CONVERSION = YES_AGGRESSIVE;
				CLANG_CXX_LANGUAGE_STANDARD = "gnu++14";
				CLANG_CXX_LIBRARY = "libc++";
				CLANG_ENABLE_MODULES = YES;
				CLANG_ENABLE_OBJC_ARC = YES;
				CLANG_ENABLE_OBJC_WEAK = YES;
				CLANG_WARN_BLOCK_CAPTURE_AUTORELEASING = YES;
				CLANG_WARN_BOOL_CONVERSION = YES;
				CLANG_WARN_COMMA = YES;
				CLANG_WARN_CONSTANT_CONVERSION = YES;
				CLANG_WARN_DEPRECATED_OBJC_IMPLEMENTATIONS = YES;
				CLANG_WARN_DIRECT_OBJC_ISA_USAGE = YES_ERROR;
				CLANG_WARN_DOCUMENTATION_COMMENTS = YES;
				CLANG_WARN_EMPTY_BODY = YES;
				CLANG_WARN_ENUM_CONVERSION = YES;
				CLANG_WARN_INFINITE_RECURSION = YES;
				CLANG_WARN_INT_CONVERSION = YES;
				CLANG_WARN_NON_LITERAL_NULL_CONVERSION = YES;
				CLANG_WARN_OBJC_IMPLICIT_RETAIN_SELF = YES;
				CLANG_WARN_OBJC_LITERAL_CONVERSION = YES;
				CLANG_WARN_OBJC_ROOT_CLASS = YES_ERROR;
				CLANG_WARN_QUOTED_INCLUDE_IN_FRAMEWORK_HEADER = YES;
				CLANG_WARN_RANGE_LOOP_ANALYSIS = YES;
				CLANG_WARN_STRICT_PROTOTYPES = YES;
				CLANG_WARN_SUSPICIOUS_MOVE = YES;
				CLANG_WARN_UNGUARDED_AVAILABILITY = YES_AGGRESSIVE;
				CLANG_WARN_UNREACHABLE_CODE = YES;
				CLANG_WARN__DUPLICATE_METHOD_MATCH = YES;
				COPY_PHASE_STRIP = NO;
				DEBUG_INFORMATION_FORMAT = "dwarf-with-dsym";
				ENABLE_NS_ASSERTIONS = NO;
				ENABLE_STRICT_OBJC_MSGSEND = YES;
				GCC_C_LANGUAGE_STANDARD = gnu11;
				GCC_NO_COMMON_BLOCKS = YES;
				GCC_WARN_64_TO_32_BIT_CONVERSION = YES;
				GCC_WARN_ABOUT_RETURN_TYPE = YES_ERROR;
				GCC_WARN_UNDECLARED_SELECTOR = YES;
				GCC_WARN_UNINITIALIZED_AUTOS = YES_AGGRESSIVE;
				GCC_WARN_UNUSED_FUNCTION = YES;
				GCC_WARN_UNUSED_VARIABLE = YES;
				IPHONEOS_DEPLOYMENT_TARGET = 14.3;
				MTL_ENABLE_DEBUG_INFO = NO;
				MTL_FAST_MATH = YES;
				SDKROOT = iphoneos;
				SWIFT_COMPILATION_MODE = wholemodule;
				SWIFT_OPTIMIZATION_LEVEL = "-O";
				VALIDATE_PRODUCT = YES;
			};
			name = Release;
		};
		3650A67A259EA73A00ECFF44 /* Debug */ = {
			isa = XCBuildConfiguration;
			buildSettings = {
				ASSETCATALOG_COMPILER_APPICON_NAME = AppIcon;
				ASSETCATALOG_COMPILER_GLOBAL_ACCENT_COLOR_NAME = AccentColor;
				CODE_SIGN_STYLE = Automatic;
				DEVELOPMENT_TEAM = L73M8R7276;
				INFOPLIST_FILE = MemeMaker/Info.plist;
				LD_RUNPATH_SEARCH_PATHS = (
					"$(inherited)",
					"@executable_path/Frameworks",
				);
				PRODUCT_BUNDLE_IDENTIFIER = leemccormick.MemeMaker;
				PRODUCT_NAME = "$(TARGET_NAME)";
				SWIFT_VERSION = 5.0;
				TARGETED_DEVICE_FAMILY = "1,2";
			};
			name = Debug;
		};
		3650A67B259EA73A00ECFF44 /* Release */ = {
			isa = XCBuildConfiguration;
			buildSettings = {
				ASSETCATALOG_COMPILER_APPICON_NAME = AppIcon;
				ASSETCATALOG_COMPILER_GLOBAL_ACCENT_COLOR_NAME = AccentColor;
				CODE_SIGN_STYLE = Automatic;
				DEVELOPMENT_TEAM = L73M8R7276;
				INFOPLIST_FILE = MemeMaker/Info.plist;
				LD_RUNPATH_SEARCH_PATHS = (
					"$(inherited)",
					"@executable_path/Frameworks",
				);
				PRODUCT_BUNDLE_IDENTIFIER = leemccormick.MemeMaker;
				PRODUCT_NAME = "$(TARGET_NAME)";
				SWIFT_VERSION = 5.0;
				TARGETED_DEVICE_FAMILY = "1,2";
			};
			name = Release;
		};
		3650A67D259EA73A00ECFF44 /* Debug */ = {
			isa = XCBuildConfiguration;
			buildSettings = {
				ALWAYS_EMBED_SWIFT_STANDARD_LIBRARIES = YES;
				BUNDLE_LOADER = "$(TEST_HOST)";
				CODE_SIGN_STYLE = Automatic;
				DEVELOPMENT_TEAM = L73M8R7276;
				INFOPLIST_FILE = MemeMakerTests/Info.plist;
				IPHONEOS_DEPLOYMENT_TARGET = 14.3;
				LD_RUNPATH_SEARCH_PATHS = (
					"$(inherited)",
					"@executable_path/Frameworks",
					"@loader_path/Frameworks",
				);
				PRODUCT_BUNDLE_IDENTIFIER = leemccormick.MemeMakerTests;
				PRODUCT_NAME = "$(TARGET_NAME)";
				SWIFT_VERSION = 5.0;
				TARGETED_DEVICE_FAMILY = "1,2";
				TEST_HOST = "$(BUILT_PRODUCTS_DIR)/MemeMaker.app/MemeMaker";
			};
			name = Debug;
		};
		3650A67E259EA73A00ECFF44 /* Release */ = {
			isa = XCBuildConfiguration;
			buildSettings = {
				ALWAYS_EMBED_SWIFT_STANDARD_LIBRARIES = YES;
				BUNDLE_LOADER = "$(TEST_HOST)";
				CODE_SIGN_STYLE = Automatic;
				DEVELOPMENT_TEAM = L73M8R7276;
				INFOPLIST_FILE = MemeMakerTests/Info.plist;
				IPHONEOS_DEPLOYMENT_TARGET = 14.3;
				LD_RUNPATH_SEARCH_PATHS = (
					"$(inherited)",
					"@executable_path/Frameworks",
					"@loader_path/Frameworks",
				);
				PRODUCT_BUNDLE_IDENTIFIER = leemccormick.MemeMakerTests;
				PRODUCT_NAME = "$(TARGET_NAME)";
				SWIFT_VERSION = 5.0;
				TARGETED_DEVICE_FAMILY = "1,2";
				TEST_HOST = "$(BUILT_PRODUCTS_DIR)/MemeMaker.app/MemeMaker";
			};
			name = Release;
		};
		3650A680259EA73A00ECFF44 /* Debug */ = {
			isa = XCBuildConfiguration;
			buildSettings = {
				ALWAYS_EMBED_SWIFT_STANDARD_LIBRARIES = YES;
				CODE_SIGN_STYLE = Automatic;
				DEVELOPMENT_TEAM = L73M8R7276;
				INFOPLIST_FILE = MemeMakerUITests/Info.plist;
				LD_RUNPATH_SEARCH_PATHS = (
					"$(inherited)",
					"@executable_path/Frameworks",
					"@loader_path/Frameworks",
				);
				PRODUCT_BUNDLE_IDENTIFIER = leemccormick.MemeMakerUITests;
				PRODUCT_NAME = "$(TARGET_NAME)";
				SWIFT_VERSION = 5.0;
				TARGETED_DEVICE_FAMILY = "1,2";
				TEST_TARGET_NAME = MemeMaker;
			};
			name = Debug;
		};
		3650A681259EA73A00ECFF44 /* Release */ = {
			isa = XCBuildConfiguration;
			buildSettings = {
				ALWAYS_EMBED_SWIFT_STANDARD_LIBRARIES = YES;
				CODE_SIGN_STYLE = Automatic;
				DEVELOPMENT_TEAM = L73M8R7276;
				INFOPLIST_FILE = MemeMakerUITests/Info.plist;
				LD_RUNPATH_SEARCH_PATHS = (
					"$(inherited)",
					"@executable_path/Frameworks",
					"@loader_path/Frameworks",
				);
				PRODUCT_BUNDLE_IDENTIFIER = leemccormick.MemeMakerUITests;
				PRODUCT_NAME = "$(TARGET_NAME)";
				SWIFT_VERSION = 5.0;
				TARGETED_DEVICE_FAMILY = "1,2";
				TEST_TARGET_NAME = MemeMaker;
			};
			name = Release;
		};
/* End XCBuildConfiguration section */

/* Begin XCConfigurationList section */
		3650A64A259EA73600ECFF44 /* Build configuration list for PBXProject "MemeMaker" */ = {
			isa = XCConfigurationList;
			buildConfigurations = (
				3650A677259EA73A00ECFF44 /* Debug */,
				3650A678259EA73A00ECFF44 /* Release */,
			);
			defaultConfigurationIsVisible = 0;
			defaultConfigurationName = Release;
		};
		3650A679259EA73A00ECFF44 /* Build configuration list for PBXNativeTarget "MemeMaker" */ = {
			isa = XCConfigurationList;
			buildConfigurations = (
				3650A67A259EA73A00ECFF44 /* Debug */,
				3650A67B259EA73A00ECFF44 /* Release */,
			);
			defaultConfigurationIsVisible = 0;
			defaultConfigurationName = Release;
		};
		3650A67C259EA73A00ECFF44 /* Build configuration list for PBXNativeTarget "MemeMakerTests" */ = {
			isa = XCConfigurationList;
			buildConfigurations = (
				3650A67D259EA73A00ECFF44 /* Debug */,
				3650A67E259EA73A00ECFF44 /* Release */,
			);
			defaultConfigurationIsVisible = 0;
			defaultConfigurationName = Release;
		};
		3650A67F259EA73A00ECFF44 /* Build configuration list for PBXNativeTarget "MemeMakerUITests" */ = {
			isa = XCConfigurationList;
			buildConfigurations = (
				3650A680259EA73A00ECFF44 /* Debug */,
				3650A681259EA73A00ECFF44 /* Release */,
			);
			defaultConfigurationIsVisible = 0;
			defaultConfigurationName = Release;
		};
/* End XCConfigurationList section */
	};
	rootObject = 3650A647259EA73600ECFF44 /* Project object */;
}
